// !$*UTF8*$!
{
	archiveVersion = 1;
	classes = {
	};
	objectVersion = 77;
	objects = {

/* Begin PBXBuildFile section */
		D10000000000000000000010 /* HapticEngine in Frameworks */ = {isa = PBXBuildFile; productRef = D10000000000000000000011 /* HapticEngine */; };
/* End PBXBuildFile section */

/* Begin PBXContainerItemProxy section */
		D100000000000000000000A8 /* PBXContainerItemProxy */ = {
			isa = PBXContainerItemProxy;
			containerPortal = D10000000000000000000001 /* Project object */;
			proxyType = 1;
			remoteGlobalIDString = D10000000000000000000060;
			remoteInfo = HapticEngineDemo;
		};
		D100000000000000000000B8 /* PBXContainerItemProxy */ = {
			isa = PBXContainerItemProxy;
			containerPortal = D10000000000000000000001 /* Project object */;
			proxyType = 1;
			remoteGlobalIDString = D10000000000000000000060;
			remoteInfo = HapticEngineDemo;
		};
/* End PBXContainerItemProxy section */

/* Begin PBXFileReference section */
		D10000000000000000000020 /* HapticEngineDemo.app */ = {isa = PBXFileReference; explicitFileType = wrapper.application; includeInIndex = 0; path = HapticEngineDemo.app; sourceTree = BUILT_PRODUCTS_DIR; };
		D10000000000000000000021 /* Shared.xcconfig */ = {isa = PBXFileReference; lastKnownFileType = text.xcconfig; path = Shared.xcconfig; sourceTree = "<group>"; };
		D10000000000000000000022 /* Signing.local.xcconfig.template */ = {isa = PBXFileReference; lastKnownFileType = text; path = Signing.local.xcconfig.template; sourceTree = "<group>"; };
		D100000000000000000000A0 /* HapticEngineDemoUITests.xctest */ = {isa = PBXFileReference; explicitFileType = wrapper.cfbundle; includeInIndex = 0; path = HapticEngineDemoUITests.xctest; sourceTree = BUILT_PRODUCTS_DIR; };
		D100000000000000000000B0 /* HapticEngineDemoTests.xctest */ = {isa = PBXFileReference; explicitFileType = wrapper.cfbundle; includeInIndex = 0; path = HapticEngineDemoTests.xctest; sourceTree = BUILT_PRODUCTS_DIR; };
/* End PBXFileReference section */

/* Begin PBXFileSystemSynchronizedRootGroup section */
		D10000000000000000000030 /* HapticEngineDemo */ = {
			isa = PBXFileSystemSynchronizedRootGroup;
			path = HapticEngineDemo;
			sourceTree = "<group>";
		};
		D100000000000000000000A1 /* HapticEngineDemoUITests */ = {
			isa = PBXFileSystemSynchronizedRootGroup;
			path = HapticEngineDemoUITests;
			sourceTree = "<group>";
		};
		D100000000000000000000B1 /* HapticEngineDemoTests */ = {
			isa = PBXFileSystemSynchronizedRootGroup;
			path = HapticEngineDemoTests;
			sourceTree = "<group>";
		};
/* End PBXFileSystemSynchronizedRootGroup section */

/* Begin PBXFrameworksBuildPhase section */
		D10000000000000000000040 /* Frameworks */ = {
			isa = PBXFrameworksBuildPhase;
			buildActionMask = 2147483647;
			files = (
				D10000000000000000000010 /* HapticEngine in Frameworks */,
			);
			runOnlyForDeploymentPostprocessing = 0;
		};
		D100000000000000000000A3 /* Frameworks */ = {
			isa = PBXFrameworksBuildPhase;
			buildActionMask = 2147483647;
			files = (
			);
			runOnlyForDeploymentPostprocessing = 0;
		};
		D100000000000000000000B3 /* Frameworks */ = {
			isa = PBXFrameworksBuildPhase;
			buildActionMask = 2147483647;
			files = (
			);
			runOnlyForDeploymentPostprocessing = 0;
		};
/* End PBXFrameworksBuildPhase section */

/* Begin PBXGroup section */
		D10000000000000000000050 = {
			isa = PBXGroup;
			children = (
				D10000000000000000000030 /* HapticEngineDemo */,
				D100000000000000000000B1 /* HapticEngineDemoTests */,
				D100000000000000000000A1 /* HapticEngineDemoUITests */,
				D10000000000000000000051 /* Config */,
				D10000000000000000000052 /* Products */,
			);
			sourceTree = "<group>";
		};
		D10000000000000000000051 /* Config */ = {
			isa = PBXGroup;
			children = (
				D10000000000000000000021 /* Shared.xcconfig */,
				D10000000000000000000022 /* Signing.local.xcconfig.template */,
			);
			path = Config;
			sourceTree = "<group>";
		};
		D10000000000000000000052 /* Products */ = {
			isa = PBXGroup;
			children = (
				D10000000000000000000020 /* HapticEngineDemo.app */,
				D100000000000000000000B0 /* HapticEngineDemoTests.xctest */,
				D100000000000000000000A0 /* HapticEngineDemoUITests.xctest */,
			);
			name = Products;
			sourceTree = "<group>";
		};
/* End PBXGroup section */

/* Begin PBXNativeTarget section */
		D10000000000000000000060 /* HapticEngineDemo */ = {
			isa = PBXNativeTarget;
			buildConfigurationList = D10000000000000000000090 /* Build configuration list for PBXNativeTarget "HapticEngineDemo" */;
			buildPhases = (
				D10000000000000000000070 /* Sources */,
				D10000000000000000000040 /* Frameworks */,
				D10000000000000000000071 /* Resources */,
			);
			buildRules = (
			);
			dependencies = (
			);
			fileSystemSynchronizedGroups = (
				D10000000000000000000030 /* HapticEngineDemo */,
			);
			name = HapticEngineDemo;
			packageProductDependencies = (
				D10000000000000000000011 /* HapticEngine */,
			);
			productName = HapticEngineDemo;
			productReference = D10000000000000000000020 /* HapticEngineDemo.app */;
			productType = "com.apple.product-type.application";
		};
		D100000000000000000000A5 /* HapticEngineDemoUITests */ = {
			isa = PBXNativeTarget;
			buildConfigurationList = D100000000000000000000A6 /* Build configuration list for PBXNativeTarget "HapticEngineDemoUITests" */;
			buildPhases = (
				D100000000000000000000A2 /* Sources */,
				D100000000000000000000A3 /* Frameworks */,
				D100000000000000000000A4 /* Resources */,
			);
			buildRules = (
			);
			dependencies = (
				D100000000000000000000A7 /* PBXTargetDependency */,
			);
			fileSystemSynchronizedGroups = (
				D100000000000000000000A1 /* HapticEngineDemoUITests */,
			);
			name = HapticEngineDemoUITests;
			productName = HapticEngineDemoUITests;
			productReference = D100000000000000000000A0 /* HapticEngineDemoUITests.xctest */;
			productType = "com.apple.product-type.bundle.ui-testing";
		};
		D100000000000000000000B5 /* HapticEngineDemoTests */ = {
			isa = PBXNativeTarget;
			buildConfigurationList = D100000000000000000000B6 /* Build configuration list for PBXNativeTarget "HapticEngineDemoTests" */;
			buildPhases = (
				D100000000000000000000B2 /* Sources */,
				D100000000000000000000B3 /* Frameworks */,
				D100000000000000000000B4 /* Resources */,
			);
			buildRules = (
			);
			dependencies = (
				D100000000000000000000B7 /* PBXTargetDependency */,
			);
			fileSystemSynchronizedGroups = (
				D100000000000000000000B1 /* HapticEngineDemoTests */,
			);
			name = HapticEngineDemoTests;
			productName = HapticEngineDemoTests;
			productReference = D100000000000000000000B0 /* HapticEngineDemoTests.xctest */;
			productType = "com.apple.product-type.bundle.unit-test";
		};
/* End PBXNativeTarget section */

/* Begin PBXProject section */
		D10000000000000000000001 /* Project object */ = {
			isa = PBXProject;
			attributes = {
				BuildIndependentTargetsInParallel = 1;
				LastSwiftUpdateCheck = 2700;
				LastUpgradeCheck = 2700;
				TargetAttributes = {
					D10000000000000000000060 = {
						CreatedOnToolsVersion = 27.0;
					};
					D100000000000000000000A5 = {
						CreatedOnToolsVersion = 27.0;
						TestTargetID = D10000000000000000000060;
					};
					D100000000000000000000B5 = {
						CreatedOnToolsVersion = 27.0;
						TestTargetID = D10000000000000000000060;
					};
				};
			};
			buildConfigurationList = D10000000000000000000080 /* Build configuration list for PBXProject "HapticEngineDemo" */;
			developmentRegion = en;
			hasScannedForEncodings = 0;
			knownRegions = (
				en,
				Base,
			);
			mainGroup = D10000000000000000000050;
			minimizedProjectReferenceProxies = 1;
			packageReferences = (
				D10000000000000000000012 /* XCLocalSwiftPackageReference "../.." */,
			);
			preferredProjectObjectVersion = 77;
			productRefGroup = D10000000000000000000052 /* Products */;
			projectDirPath = "";
			projectRoot = "";
			targets = (
				D10000000000000000000060 /* HapticEngineDemo */,
				D100000000000000000000B5 /* HapticEngineDemoTests */,
				D100000000000000000000A5 /* HapticEngineDemoUITests */,
			);
		};
/* End PBXProject section */

/* Begin PBXResourcesBuildPhase section */
		D10000000000000000000071 /* Resources */ = {
			isa = PBXResourcesBuildPhase;
			buildActionMask = 2147483647;
			files = (
			);
			runOnlyForDeploymentPostprocessing = 0;
		};
		D100000000000000000000A4 /* Resources */ = {
			isa = PBXResourcesBuildPhase;
			buildActionMask = 2147483647;
			files = (
			);
			runOnlyForDeploymentPostprocessing = 0;
		};
		D100000000000000000000B4 /* Resources */ = {
			isa = PBXResourcesBuildPhase;
			buildActionMask = 2147483647;
			files = (
			);
			runOnlyForDeploymentPostprocessing = 0;
		};
/* End PBXResourcesBuildPhase section */

/* Begin PBXSourcesBuildPhase section */
		D10000000000000000000070 /* Sources */ = {
			isa = PBXSourcesBuildPhase;
			buildActionMask = 2147483647;
			files = (
			);
			runOnlyForDeploymentPostprocessing = 0;
		};
		D100000000000000000000A2 /* Sources */ = {
			isa = PBXSourcesBuildPhase;
			buildActionMask = 2147483647;
			files = (
			);
			runOnlyForDeploymentPostprocessing = 0;
		};
		D100000000000000000000B2 /* Sources */ = {
			isa = PBXSourcesBuildPhase;
			buildActionMask = 2147483647;
			files = (
			);
			runOnlyForDeploymentPostprocessing = 0;
		};
/* End PBXSourcesBuildPhase section */

/* Begin PBXTargetDependency section */
		D100000000000000000000A7 /* PBXTargetDependency */ = {
			isa = PBXTargetDependency;
			target = D10000000000000000000060 /* HapticEngineDemo */;
			targetProxy = D100000000000000000000A8 /* PBXContainerItemProxy */;
		};
		D100000000000000000000B7 /* PBXTargetDependency */ = {
			isa = PBXTargetDependency;
			target = D10000000000000000000060 /* HapticEngineDemo */;
			targetProxy = D100000000000000000000B8 /* PBXContainerItemProxy */;
		};
/* End PBXTargetDependency section */

/* Begin XCBuildConfiguration section */
		D10000000000000000000081 /* Debug */ = {
			isa = XCBuildConfiguration;
			buildSettings = {
				ALWAYS_SEARCH_USER_PATHS = NO;
				ASSETCATALOG_COMPILER_GENERATE_SWIFT_ASSET_SYMBOL_EXTENSIONS = YES;
				CLANG_ENABLE_MODULES = YES;
				CLANG_ENABLE_OBJC_ARC = YES;
				COPY_PHASE_STRIP = NO;
				DEBUG_INFORMATION_FORMAT = dwarf;
				ENABLE_STRICT_OBJC_MSGSEND = YES;
				ENABLE_TESTABILITY = YES;
				ENABLE_USER_SCRIPT_SANDBOXING = YES;
				GCC_OPTIMIZATION_LEVEL = 0;
				GCC_PREPROCESSOR_DEFINITIONS = (
					"DEBUG=1",
					"$(inherited)",
				);
				MTL_ENABLE_DEBUG_INFO = INCLUDE_SOURCE;
				ONLY_ACTIVE_ARCH = YES;
				SDKROOT = iphoneos;
				SWIFT_ACTIVE_COMPILATION_CONDITIONS = "DEBUG $(inherited)";
				SWIFT_OPTIMIZATION_LEVEL = "-Onone";
			};
			name = Debug;
		};
		D10000000000000000000082 /* Release */ = {
			isa = XCBuildConfiguration;
			buildSettings = {
				ALWAYS_SEARCH_USER_PATHS = NO;
				ASSETCATALOG_COMPILER_GENERATE_SWIFT_ASSET_SYMBOL_EXTENSIONS = YES;
				CLANG_ENABLE_MODULES = YES;
				CLANG_ENABLE_OBJC_ARC = YES;
				COPY_PHASE_STRIP = NO;
				DEBUG_INFORMATION_FORMAT = "dwarf-with-dsym";
				ENABLE_NS_ASSERTIONS = NO;
				ENABLE_STRICT_OBJC_MSGSEND = YES;
				ENABLE_USER_SCRIPT_SANDBOXING = YES;
				MTL_ENABLE_DEBUG_INFO = NO;
				SDKROOT = iphoneos;
				SWIFT_COMPILATION_MODE = wholemodule;
				VALIDATE_PRODUCT = YES;
			};
			name = Release;
		};
		D10000000000000000000091 /* Debug */ = {
			isa = XCBuildConfiguration;
			baseConfigurationReference = D10000000000000000000021 /* Shared.xcconfig */;
			buildSettings = {
				ASSETCATALOG_COMPILER_APPICON_NAME = AppIcon;
				ASSETCATALOG_COMPILER_GLOBAL_ACCENT_COLOR_NAME = AccentColor;
				ENABLE_PREVIEWS = YES;
				GENERATE_INFOPLIST_FILE = YES;
				INFOPLIST_KEY_CFBundleDisplayName = "Haptic Demo";
				INFOPLIST_KEY_UIApplicationSceneManifest_Generation = YES;
				INFOPLIST_KEY_UIApplicationSupportsIndirectInputEvents = YES;
				INFOPLIST_KEY_UISupportedInterfaceOrientations_iPad = "UIInterfaceOrientationPortrait UIInterfaceOrientationPortraitUpsideDown UIInterfaceOrientationLandscapeLeft UIInterfaceOrientationLandscapeRight";
				INFOPLIST_KEY_UISupportedInterfaceOrientations_iPhone = "UIInterfaceOrientationPortrait UIInterfaceOrientationLandscapeLeft UIInterfaceOrientationLandscapeRight";
				LD_RUNPATH_SEARCH_PATHS = (
					"$(inherited)",
					"@executable_path/Frameworks",
				);
				SWIFT_EMIT_LOC_STRINGS = YES;
			};
			name = Debug;
		};
		D10000000000000000000092 /* Release */ = {
			isa = XCBuildConfiguration;
			baseConfigurationReference = D10000000000000000000021 /* Shared.xcconfig */;
			buildSettings = {
				ASSETCATALOG_COMPILER_APPICON_NAME = AppIcon;
				ASSETCATALOG_COMPILER_GLOBAL_ACCENT_COLOR_NAME = AccentColor;
				ENABLE_PREVIEWS = YES;
				GENERATE_INFOPLIST_FILE = YES;
				INFOPLIST_KEY_CFBundleDisplayName = "Haptic Demo";
				INFOPLIST_KEY_UIApplicationSceneManifest_Generation = YES;
				INFOPLIST_KEY_UIApplicationSupportsIndirectInputEvents = YES;
				INFOPLIST_KEY_UISupportedInterfaceOrientations_iPad = "UIInterfaceOrientationPortrait UIInterfaceOrientationPortraitUpsideDown UIInterfaceOrientationLandscapeLeft UIInterfaceOrientationLandscapeRight";
				INFOPLIST_KEY_UISupportedInterfaceOrientations_iPhone = "UIInterfaceOrientationPortrait UIInterfaceOrientationLandscapeLeft UIInterfaceOrientationLandscapeRight";
				LD_RUNPATH_SEARCH_PATHS = (
					"$(inherited)",
					"@executable_path/Frameworks",
				);
				SWIFT_EMIT_LOC_STRINGS = YES;
			};
			name = Release;
		};
		D100000000000000000000A9 /* Debug */ = {
			isa = XCBuildConfiguration;
			buildSettings = {
				CODE_SIGN_STYLE = Automatic;
				GENERATE_INFOPLIST_FILE = YES;
				IPHONEOS_DEPLOYMENT_TARGET = 18.0;
				PRODUCT_BUNDLE_IDENTIFIER = dev.codepassion.HapticEngineDemoUITests;
				PRODUCT_NAME = "$(TARGET_NAME)";
				SWIFT_EMIT_LOC_STRINGS = NO;
				SWIFT_VERSION = 6.0;
				TARGETED_DEVICE_FAMILY = "1,2";
				TEST_TARGET_NAME = HapticEngineDemo;
			};
			name = Debug;
		};
		D100000000000000000000AA /* Release */ = {
			isa = XCBuildConfiguration;
			buildSettings = {
				CODE_SIGN_STYLE = Automatic;
				GENERATE_INFOPLIST_FILE = YES;
				IPHONEOS_DEPLOYMENT_TARGET = 18.0;
				PRODUCT_BUNDLE_IDENTIFIER = dev.codepassion.HapticEngineDemoUITests;
				PRODUCT_NAME = "$(TARGET_NAME)";
				SWIFT_EMIT_LOC_STRINGS = NO;
				SWIFT_VERSION = 6.0;
				TARGETED_DEVICE_FAMILY = "1,2";
				TEST_TARGET_NAME = HapticEngineDemo;
			};
			name = Release;
		};
		D100000000000000000000B9 /* Debug */ = {
			isa = XCBuildConfiguration;
			buildSettings = {
				BUNDLE_LOADER = "$(TEST_HOST)";
				CODE_SIGN_STYLE = Automatic;
				GENERATE_INFOPLIST_FILE = YES;
				IPHONEOS_DEPLOYMENT_TARGET = 18.0;
				PRODUCT_BUNDLE_IDENTIFIER = dev.codepassion.HapticEngineDemoTests;
				PRODUCT_NAME = "$(TARGET_NAME)";
				SWIFT_EMIT_LOC_STRINGS = NO;
				SWIFT_VERSION = 6.0;
				TARGETED_DEVICE_FAMILY = "1,2";
				TEST_HOST = "$(BUILT_PRODUCTS_DIR)/HapticEngineDemo.app/$(BUNDLE_EXECUTABLE_FOLDER_PATH)/HapticEngineDemo";
			};
			name = Debug;
		};
		D100000000000000000000BA /* Release */ = {
			isa = XCBuildConfiguration;
			buildSettings = {
				BUNDLE_LOADER = "$(TEST_HOST)";
				CODE_SIGN_STYLE = Automatic;
				GENERATE_INFOPLIST_FILE = YES;
				IPHONEOS_DEPLOYMENT_TARGET = 18.0;
				PRODUCT_BUNDLE_IDENTIFIER = dev.codepassion.HapticEngineDemoTests;
				PRODUCT_NAME = "$(TARGET_NAME)";
				SWIFT_EMIT_LOC_STRINGS = NO;
				SWIFT_VERSION = 6.0;
				TARGETED_DEVICE_FAMILY = "1,2";
				TEST_HOST = "$(BUILT_PRODUCTS_DIR)/HapticEngineDemo.app/$(BUNDLE_EXECUTABLE_FOLDER_PATH)/HapticEngineDemo";
			};
			name = Release;
		};
/* End XCBuildConfiguration section */

/* Begin XCConfigurationList section */
		D10000000000000000000080 /* Build configuration list for PBXProject "HapticEngineDemo" */ = {
			isa = XCConfigurationList;
			buildConfigurations = (
				D10000000000000000000081 /* Debug */,
				D10000000000000000000082 /* Release */,
			);
			defaultConfigurationIsVisible = 0;
			defaultConfigurationName = Release;
		};
		D10000000000000000000090 /* Build configuration list for PBXNativeTarget "HapticEngineDemo" */ = {
			isa = XCConfigurationList;
			buildConfigurations = (
				D10000000000000000000091 /* Debug */,
				D10000000000000000000092 /* Release */,
			);
			defaultConfigurationIsVisible = 0;
			defaultConfigurationName = Release;
		};
		D100000000000000000000A6 /* Build configuration list for PBXNativeTarget "HapticEngineDemoUITests" */ = {
			isa = XCConfigurationList;
			buildConfigurations = (
				D100000000000000000000A9 /* Debug */,
				D100000000000000000000AA /* Release */,
			);
			defaultConfigurationIsVisible = 0;
			defaultConfigurationName = Release;
		};
		D100000000000000000000B6 /* Build configuration list for PBXNativeTarget "HapticEngineDemoTests" */ = {
			isa = XCConfigurationList;
			buildConfigurations = (
				D100000000000000000000B9 /* Debug */,
				D100000000000000000000BA /* Release */,
			);
			defaultConfigurationIsVisible = 0;
			defaultConfigurationName = Release;
		};
/* End XCConfigurationList section */

/* Begin XCLocalSwiftPackageReference section */
		D10000000000000000000012 /* XCLocalSwiftPackageReference "../.." */ = {
			isa = XCLocalSwiftPackageReference;
			relativePath = ../..;
		};
/* End XCLocalSwiftPackageReference section */

/* Begin XCSwiftPackageProductDependency section */
		D10000000000000000000011 /* HapticEngine */ = {
			isa = XCSwiftPackageProductDependency;
			productName = HapticEngine;
		};
/* End XCSwiftPackageProductDependency section */
	};
	rootObject = D10000000000000000000001 /* Project object */;
}
